
Microsoft Visual Studio Solution File, Format Version 12.00
# Visual Studio Version 16
VisualStudioVersion = 16.0.29911.84
MinimumVisualStudioVersion = 10.0.40219.1
Project("{FAE04EC0-301F-11D3-BF4B-00C04F79EFBC}") = "Atividade07_Projeto", "Atividade07_Projeto\Atividade07_Projeto.csproj", "{BF51B5E3-3D2F-4D75-971A-105834A970CE}"
EndProject
Global
	GlobalSection(SolutionConfigurationPlatforms) = preSolution
		Debug|Any CPU = Debug|Any CPU
		Release|Any CPU = Release|Any CPU
	EndGlobalSection
	GlobalSection(ProjectConfigurationPlatforms) = postSolution
		{BF51B5E3-3D2F-4D75-971A-105834A970CE}.Debug|Any CPU.ActiveCfg = Debug|Any CPU
		{BF51B5E3-3D2F-4D75-971A-105834A970CE}.Debug|Any CPU.Build.0 = Debug|Any CPU
		{BF51B5E3-3D2F-4D75-971A-105834A970CE}.Release|Any CPU.ActiveCfg = Release|Any CPU
		{BF51B5E3-3D2F-4D75-971A-105834A970CE}.Release|Any CPU.Build.0 = Release|Any CPU
	EndGlobalSection
	GlobalSection(SolutionProperties) = preSolution
		HideSolutionNode = FALSE
	EndGlobalSection
	GlobalSection(ExtensibilityGlobals) = postSolution
		SolutionGuid = {0C9D0D28-9962-480E-8728-B5DD3D1F6669}
	EndGlobalSection
EndGlobal
