
Microsoft Visual Studio Solution File, Format Version 12.00
# Visual Studio 15
VisualStudioVersion = 15.0.28307.1062
MinimumVisualStudioVersion = 10.0.40219.1
Project("{FAE04EC0-301F-11D3-BF4B-00C04F79EFBC}") = "001_Projeto", "001_Projeto\001_Projeto.csproj", "{91814D0A-237C-4755-8D61-25E9CCA94F6B}"
EndProject
Global
	GlobalSection(SolutionConfigurationPlatforms) = preSolution
		Debug|Any CPU = Debug|Any CPU
		Release|Any CPU = Release|Any CPU
	EndGlobalSection
	GlobalSection(ProjectConfigurationPlatforms) = postSolution
		{91814D0A-237C-4755-8D61-25E9CCA94F6B}.Debug|Any CPU.ActiveCfg = Debug|Any CPU
		{91814D0A-237C-4755-8D61-25E9CCA94F6B}.Debug|Any CPU.Build.0 = Debug|Any CPU
		{91814D0A-237C-4755-8D61-25E9CCA94F6B}.Release|Any CPU.ActiveCfg = Release|Any CPU
		{91814D0A-237C-4755-8D61-25E9CCA94F6B}.Release|Any CPU.Build.0 = Release|Any CPU
	EndGlobalSection
	GlobalSection(SolutionProperties) = preSolution
		HideSolutionNode = FALSE
	EndGlobalSection
	GlobalSection(ExtensibilityGlobals) = postSolution
		SolutionGuid = {0A35EC7A-C2B2-43BE-B648-0A0CBD917F50}
	EndGlobalSection
EndGlobal
